
Microsoft Visual Studio Solution File, Format Version 12.00
# Visual Studio Version 16
VisualStudioVersion = 16.0.31402.337
MinimumVisualStudioVersion = 10.0.40219.1
Project("{9A19103F-16F7-4668-BE54-9A1E7A4F7556}") = "MISA.Core", "..\..\MISA.AMIS\MISA.Core\MISA.Core.csproj", "{1B046B5A-CF9E-41EF-9719-860A89DDABC7}"
EndProject
Project("{9A19103F-16F7-4668-BE54-9A1E7A4F7556}") = "MISA.Ifarstructure", "..\..\MISA.AMIS\MISA.Ifarstructure\MISA.Ifarstructure.csproj", "{25782E56-3F54-4901-86DA-15729F5ED839}"
EndProject
Project("{9A19103F-16F7-4668-BE54-9A1E7A4F7556}") = "MISA.AMIS", "..\..\MISA.AMIS\MISA.AMIS\MISA.AMIS.csproj", "{EB8B853B-CC38-4E82-B04A-20CDE1259AC1}"
EndProject
Global
	GlobalSection(SolutionConfigurationPlatforms) = preSolution
		Debug|Any CPU = Debug|Any CPU
		Release|Any CPU = Release|Any CPU
	EndGlobalSection
	GlobalSection(ProjectConfigurationPlatforms) = postSolution
		{1B046B5A-CF9E-41EF-9719-860A89DDABC7}.Debug|Any CPU.ActiveCfg = Debug|Any CPU
		{1B046B5A-CF9E-41EF-9719-860A89DDABC7}.Debug|Any CPU.Build.0 = Debug|Any CPU
		{1B046B5A-CF9E-41EF-9719-860A89DDABC7}.Release|Any CPU.ActiveCfg = Release|Any CPU
		{1B046B5A-CF9E-41EF-9719-860A89DDABC7}.Release|Any CPU.Build.0 = Release|Any CPU
		{25782E56-3F54-4901-86DA-15729F5ED839}.Debug|Any CPU.ActiveCfg = Debug|Any CPU
		{25782E56-3F54-4901-86DA-15729F5ED839}.Debug|Any CPU.Build.0 = Debug|Any CPU
		{25782E56-3F54-4901-86DA-15729F5ED839}.Release|Any CPU.ActiveCfg = Release|Any CPU
		{25782E56-3F54-4901-86DA-15729F5ED839}.Release|Any CPU.Build.0 = Release|Any CPU
		{EB8B853B-CC38-4E82-B04A-20CDE1259AC1}.Debug|Any CPU.ActiveCfg = Debug|Any CPU
		{EB8B853B-CC38-4E82-B04A-20CDE1259AC1}.Debug|Any CPU.Build.0 = Debug|Any CPU
		{EB8B853B-CC38-4E82-B04A-20CDE1259AC1}.Release|Any CPU.ActiveCfg = Release|Any CPU
		{EB8B853B-CC38-4E82-B04A-20CDE1259AC1}.Release|Any CPU.Build.0 = Release|Any CPU
	EndGlobalSection
	GlobalSection(SolutionProperties) = preSolution
		HideSolutionNode = FALSE
	EndGlobalSection
	GlobalSection(ExtensibilityGlobals) = postSolution
		SolutionGuid = {378A8C2E-B150-4A71-8D32-09C1E0F7D272}
	EndGlobalSection
EndGlobal
